
Microsoft Visual Studio Solution File, Format Version 12.00
# Visual Studio 15
VisualStudioVersion = 15.0.26730.10
MinimumVisualStudioVersion = 10.0.40219.1
Project("{FAE04EC0-301F-11D3-BF4B-00C04F79EFBC}") = "TaskApp", "TaskApp\TaskApp.csproj", "{284B96CD-DDAC-4F42-AC36-9A65EE38043D}"
EndProject
Global
	GlobalSection(SolutionConfigurationPlatforms) = preSolution
		Debug|Any CPU = Debug|Any CPU
		Release|Any CPU = Release|Any CPU
	EndGlobalSection
	GlobalSection(ProjectConfigurationPlatforms) = postSolution
		{284B96CD-DDAC-4F42-AC36-9A65EE38043D}.Debug|Any CPU.ActiveCfg = Debug|Any CPU
		{284B96CD-DDAC-4F42-AC36-9A65EE38043D}.Debug|Any CPU.Build.0 = Debug|Any CPU
		{284B96CD-DDAC-4F42-AC36-9A65EE38043D}.Release|Any CPU.ActiveCfg = Release|Any CPU
		{284B96CD-DDAC-4F42-AC36-9A65EE38043D}.Release|Any CPU.Build.0 = Release|Any CPU
	EndGlobalSection
	GlobalSection(SolutionProperties) = preSolution
		HideSolutionNode = FALSE
	EndGlobalSection
	GlobalSection(ExtensibilityGlobals) = postSolution
		SolutionGuid = {A5EB9447-FE88-4EA5-A9E8-6BE9CEFC7728}
	EndGlobalSection
EndGlobal
